{
  "name": "functional_programming",
  "version": "1.0.0",
  "lockfileVersion": 3,
  "requires": true,
  "packages": {
    "": {
      "name": "functional_programming",
      "version": "1.0.0",
      "license": "ISC",
      "dependencies": {
        "@mostly-adequate/support": "^2.0.1",
        "fp-ts": "^2.16.6",
        "immutable": "^4.3.6"
      }
    },
    "node_modules/@mostly-adequate/support": {
      "version": "2.0.1",
      "resolved": "https://registry.npmmirror.com/@mostly-adequate/support/-/support-2.0.1.tgz",
      "integrity": "sha512-+16tUURaxiGFGBiYcI4Xu82UsMLSxc2F5DVGimMVkkP/tO+wRNuDPUJTW9YMY7UlHW9KQ9XRHShDEubqliy7vA=="
    },
    "node_modules/fp-ts": {
      "version": "2.16.6",
      "resolved": "https://registry.npmmirror.com/fp-ts/-/fp-ts-2.16.6.tgz",
      "integrity": "sha512-v7w209VPj4L6pPn/ftFRJu31Oa8QagwcVw7BZmLCUWU4AQoc954rX9ogSIahDf67Pg+GjPbkW/Kn9XWnlWJG0g=="
    },
    "node_modules/immutable": {
      "version": "4.3.6",
      "resolved": "https://registry.npmmirror.com/immutable/-/immutable-4.3.6.tgz",
      "integrity": "sha512-Ju0+lEMyzMVZarkTn/gqRpdqd5dOPaz1mCZ0SH3JV6iFw81PldE/PEB1hWVEA288HPt4WXW8O7AWxB10M+03QQ=="
    }
  }
}
